// !$*UTF8*$!
{
	archiveVersion = 1;
	classes = {
	};
	objectVersion = 51;
	objects = {

/* Begin PBXBuildFile section */
		52BE757482D921158D52531C /* Pods_RecipleaseP10.framework in Frameworks */ = {isa = PBXBuildFile; fileRef = 6D79C6F089D7C87A45F2277D /* Pods_RecipleaseP10.framework */; };
		574B3F14149DEC27CCABAC5E /* Pods_RecipleaseP10_RecipleaseP10UITests.framework in Frameworks */ = {isa = PBXBuildFile; fileRef = B0D7D3C0E70D1E0205921D39 /* Pods_RecipleaseP10_RecipleaseP10UITests.framework */; };
		C8C4D603262887F800916883 /* AppDelegate.swift in Sources */ = {isa = PBXBuildFile; fileRef = C8C4D602262887F800916883 /* AppDelegate.swift */; };
		C8C4D605262887F800916883 /* SceneDelegate.swift in Sources */ = {isa = PBXBuildFile; fileRef = C8C4D604262887F800916883 /* SceneDelegate.swift */; };
		C8C4D607262887F800916883 /* ViewController.swift in Sources */ = {isa = PBXBuildFile; fileRef = C8C4D606262887F800916883 /* ViewController.swift */; };
		C8C4D60A262887F800916883 /* Main.storyboard in Resources */ = {isa = PBXBuildFile; fileRef = C8C4D608262887F800916883 /* Main.storyboard */; };
		C8C4D60D262887F800916883 /* RecipleaseP10.xcdatamodeld in Sources */ = {isa = PBXBuildFile; fileRef = C8C4D60B262887F800916883 /* RecipleaseP10.xcdatamodeld */; };
		C8C4D612262887F800916883 /* LaunchScreen.storyboard in Resources */ = {isa = PBXBuildFile; fileRef = C8C4D610262887F800916883 /* LaunchScreen.storyboard */; };
		C8C4D61D262887F900916883 /* RecipleaseP10Tests.swift in Sources */ = {isa = PBXBuildFile; fileRef = C8C4D61C262887F900916883 /* RecipleaseP10Tests.swift */; };
		C8C4D628262887F900916883 /* RecipleaseP10UITests.swift in Sources */ = {isa = PBXBuildFile; fileRef = C8C4D627262887F900916883 /* RecipleaseP10UITests.swift */; };
		C8C4D6702628935900916883 /* Assets.xcassets in Resources */ = {isa = PBXBuildFile; fileRef = C8C4D66F2628935900916883 /* Assets.xcassets */; };
		EFC0CA21C9540C6025C1913E /* Pods_RecipleaseP10Tests.framework in Frameworks */ = {isa = PBXBuildFile; fileRef = 9F0E269E3A737064DD4834EF /* Pods_RecipleaseP10Tests.framework */; };
/* End PBXBuildFile section */

/* Begin PBXContainerItemProxy section */
		C8C4D619262887F900916883 /* PBXContainerItemProxy */ = {
			isa = PBXContainerItemProxy;
			containerPortal = C8C4D5F7262887F800916883 /* Project object */;
			proxyType = 1;
			remoteGlobalIDString = C8C4D5FE262887F800916883;
			remoteInfo = RecipleaseP10;
		};
		C8C4D624262887F900916883 /* PBXContainerItemProxy */ = {
			isa = PBXContainerItemProxy;
			containerPortal = C8C4D5F7262887F800916883 /* Project object */;
			proxyType = 1;
			remoteGlobalIDString = C8C4D5FE262887F800916883;
			remoteInfo = RecipleaseP10;
		};
/* End PBXContainerItemProxy section */

/* Begin PBXFileReference section */
		259203D3762B4A2EF46E81BE /* Pods-RecipleaseP10.release.xcconfig */ = {isa = PBXFileReference; includeInIndex = 1; lastKnownFileType = text.xcconfig; name = "Pods-RecipleaseP10.release.xcconfig"; path = "Target Support Files/Pods-RecipleaseP10/Pods-RecipleaseP10.release.xcconfig"; sourceTree = "<group>"; };
		4E819D41BC92D5F9DF9C37FC /* Pods-RecipleaseP10-RecipleaseP10UITests.debug.xcconfig */ = {isa = PBXFileReference; includeInIndex = 1; lastKnownFileType = text.xcconfig; name = "Pods-RecipleaseP10-RecipleaseP10UITests.debug.xcconfig"; path = "Target Support Files/Pods-RecipleaseP10-RecipleaseP10UITests/Pods-RecipleaseP10-RecipleaseP10UITests.debug.xcconfig"; sourceTree = "<group>"; };
		53ABA3D471C25D6FC546BD21 /* Pods-RecipleaseP10Tests.release.xcconfig */ = {isa = PBXFileReference; includeInIndex = 1; lastKnownFileType = text.xcconfig; name = "Pods-RecipleaseP10Tests.release.xcconfig"; path = "Target Support Files/Pods-RecipleaseP10Tests/Pods-RecipleaseP10Tests.release.xcconfig"; sourceTree = "<group>"; };
		615E59419417ADCE672F8673 /* Pods-RecipleaseP10Tests.debug.xcconfig */ = {isa = PBXFileReference; includeInIndex = 1; lastKnownFileType = text.xcconfig; name = "Pods-RecipleaseP10Tests.debug.xcconfig"; path = "Target Support Files/Pods-RecipleaseP10Tests/Pods-RecipleaseP10Tests.debug.xcconfig"; sourceTree = "<group>"; };
		657C25733E22EC9BCE54FE05 /* Pods-RecipleaseP10-RecipleaseP10UITests.release.xcconfig */ = {isa = PBXFileReference; includeInIndex = 1; lastKnownFileType = text.xcconfig; name = "Pods-RecipleaseP10-RecipleaseP10UITests.release.xcconfig"; path = "Target Support Files/Pods-RecipleaseP10-RecipleaseP10UITests/Pods-RecipleaseP10-RecipleaseP10UITests.release.xcconfig"; sourceTree = "<group>"; };
		6D79C6F089D7C87A45F2277D /* Pods_RecipleaseP10.framework */ = {isa = PBXFileReference; explicitFileType = wrapper.framework; includeInIndex = 0; path = Pods_RecipleaseP10.framework; sourceTree = BUILT_PRODUCTS_DIR; };
		9F0E269E3A737064DD4834EF /* Pods_RecipleaseP10Tests.framework */ = {isa = PBXFileReference; explicitFileType = wrapper.framework; includeInIndex = 0; path = Pods_RecipleaseP10Tests.framework; sourceTree = BUILT_PRODUCTS_DIR; };
		B0D7D3C0E70D1E0205921D39 /* Pods_RecipleaseP10_RecipleaseP10UITests.framework */ = {isa = PBXFileReference; explicitFileType = wrapper.framework; includeInIndex = 0; path = Pods_RecipleaseP10_RecipleaseP10UITests.framework; sourceTree = BUILT_PRODUCTS_DIR; };
		C8C4D5FF262887F800916883 /* RecipleaseP10.app */ = {isa = PBXFileReference; explicitFileType = wrapper.application; includeInIndex = 0; path = RecipleaseP10.app; sourceTree = BUILT_PRODUCTS_DIR; };
		C8C4D602262887F800916883 /* AppDelegate.swift */ = {isa = PBXFileReference; lastKnownFileType = sourcecode.swift; path = AppDelegate.swift; sourceTree = "<group>"; };
		C8C4D604262887F800916883 /* SceneDelegate.swift */ = {isa = PBXFileReference; lastKnownFileType = sourcecode.swift; path = SceneDelegate.swift; sourceTree = "<group>"; };
		C8C4D606262887F800916883 /* ViewController.swift */ = {isa = PBXFileReference; lastKnownFileType = sourcecode.swift; path = ViewController.swift; sourceTree = "<group>"; };
		C8C4D609262887F800916883 /* Base */ = {isa = PBXFileReference; lastKnownFileType = file.storyboard; name = Base; path = Base.lproj/Main.storyboard; sourceTree = "<group>"; };
		C8C4D60C262887F800916883 /* RecipleaseP10.xcdatamodel */ = {isa = PBXFileReference; lastKnownFileType = wrapper.xcdatamodel; path = RecipleaseP10.xcdatamodel; sourceTree = "<group>"; };
		C8C4D611262887F800916883 /* Base */ = {isa = PBXFileReference; lastKnownFileType = file.storyboard; name = Base; path = Base.lproj/LaunchScreen.storyboard; sourceTree = "<group>"; };
		C8C4D613262887F800916883 /* Info.plist */ = {isa = PBXFileReference; lastKnownFileType = text.plist.xml; path = Info.plist; sourceTree = "<group>"; };
		C8C4D618262887F900916883 /* RecipleaseP10Tests.xctest */ = {isa = PBXFileReference; explicitFileType = wrapper.cfbundle; includeInIndex = 0; path = RecipleaseP10Tests.xctest; sourceTree = BUILT_PRODUCTS_DIR; };
		C8C4D61C262887F900916883 /* RecipleaseP10Tests.swift */ = {isa = PBXFileReference; lastKnownFileType = sourcecode.swift; path = RecipleaseP10Tests.swift; sourceTree = "<group>"; };
		C8C4D61E262887F900916883 /* Info.plist */ = {isa = PBXFileReference; lastKnownFileType = text.plist.xml; path = Info.plist; sourceTree = "<group>"; };
		C8C4D623262887F900916883 /* RecipleaseP10UITests.xctest */ = {isa = PBXFileReference; explicitFileType = wrapper.cfbundle; includeInIndex = 0; path = RecipleaseP10UITests.xctest; sourceTree = BUILT_PRODUCTS_DIR; };
		C8C4D627262887F900916883 /* RecipleaseP10UITests.swift */ = {isa = PBXFileReference; lastKnownFileType = sourcecode.swift; path = RecipleaseP10UITests.swift; sourceTree = "<group>"; };
		C8C4D629262887F900916883 /* Info.plist */ = {isa = PBXFileReference; lastKnownFileType = text.plist.xml; path = Info.plist; sourceTree = "<group>"; };
		C8C4D66F2628935900916883 /* Assets.xcassets */ = {isa = PBXFileReference; lastKnownFileType = folder.assetcatalog; path = Assets.xcassets; sourceTree = "<group>"; };
		FFCDF88CF8DA40841C39C4B8 /* Pods-RecipleaseP10.debug.xcconfig */ = {isa = PBXFileReference; includeInIndex = 1; lastKnownFileType = text.xcconfig; name = "Pods-RecipleaseP10.debug.xcconfig"; path = "Target Support Files/Pods-RecipleaseP10/Pods-RecipleaseP10.debug.xcconfig"; sourceTree = "<group>"; };
/* End PBXFileReference section */

/* Begin PBXFrameworksBuildPhase section */
		C8C4D5FC262887F800916883 /* Frameworks */ = {
			isa = PBXFrameworksBuildPhase;
			buildActionMask = 2147483647;
			files = (
				52BE757482D921158D52531C /* Pods_RecipleaseP10.framework in Frameworks */,
			);
			runOnlyForDeploymentPostprocessing = 0;
		};
		C8C4D615262887F900916883 /* Frameworks */ = {
			isa = PBXFrameworksBuildPhase;
			buildActionMask = 2147483647;
			files = (
				EFC0CA21C9540C6025C1913E /* Pods_RecipleaseP10Tests.framework in Frameworks */,
			);
			runOnlyForDeploymentPostprocessing = 0;
		};
		C8C4D620262887F900916883 /* Frameworks */ = {
			isa = PBXFrameworksBuildPhase;
			buildActionMask = 2147483647;
			files = (
				574B3F14149DEC27CCABAC5E /* Pods_RecipleaseP10_RecipleaseP10UITests.framework in Frameworks */,
			);
			runOnlyForDeploymentPostprocessing = 0;
		};
/* End PBXFrameworksBuildPhase section */

/* Begin PBXGroup section */
		47B6485710605E9572A00075 /* Frameworks */ = {
			isa = PBXGroup;
			children = (
				6D79C6F089D7C87A45F2277D /* Pods_RecipleaseP10.framework */,
				B0D7D3C0E70D1E0205921D39 /* Pods_RecipleaseP10_RecipleaseP10UITests.framework */,
				9F0E269E3A737064DD4834EF /* Pods_RecipleaseP10Tests.framework */,
			);
			name = Frameworks;
			sourceTree = "<group>";
		};
		AB6D993025846CD69D121FED /* Pods */ = {
			isa = PBXGroup;
			children = (
				FFCDF88CF8DA40841C39C4B8 /* Pods-RecipleaseP10.debug.xcconfig */,
				259203D3762B4A2EF46E81BE /* Pods-RecipleaseP10.release.xcconfig */,
				4E819D41BC92D5F9DF9C37FC /* Pods-RecipleaseP10-RecipleaseP10UITests.debug.xcconfig */,
				657C25733E22EC9BCE54FE05 /* Pods-RecipleaseP10-RecipleaseP10UITests.release.xcconfig */,
				615E59419417ADCE672F8673 /* Pods-RecipleaseP10Tests.debug.xcconfig */,
				53ABA3D471C25D6FC546BD21 /* Pods-RecipleaseP10Tests.release.xcconfig */,
			);
			path = Pods;
			sourceTree = "<group>";
		};
		C8C4D5F6262887F800916883 = {
			isa = PBXGroup;
			children = (
				C8C4D601262887F800916883 /* RecipleaseP10 */,
				C8C4D61B262887F900916883 /* RecipleaseP10Tests */,
				C8C4D626262887F900916883 /* RecipleaseP10UITests */,
				C8C4D600262887F800916883 /* Products */,
				AB6D993025846CD69D121FED /* Pods */,
				47B6485710605E9572A00075 /* Frameworks */,
			);
			sourceTree = "<group>";
		};
		C8C4D600262887F800916883 /* Products */ = {
			isa = PBXGroup;
			children = (
				C8C4D5FF262887F800916883 /* RecipleaseP10.app */,
				C8C4D618262887F900916883 /* RecipleaseP10Tests.xctest */,
				C8C4D623262887F900916883 /* RecipleaseP10UITests.xctest */,
			);
			name = Products;
			sourceTree = "<group>";
		};
		C8C4D601262887F800916883 /* RecipleaseP10 */ = {
			isa = PBXGroup;
			children = (
				C8C4D6632628908E00916883 /* Model */,
				C8C4D6642628909700916883 /* View */,
				C8C4D6652628909F00916883 /* Controller */,
				C8C4D65826288BCA00916883 /* Supporting files */,
				C8C4D606262887F800916883 /* ViewController.swift */,
				C8C4D613262887F800916883 /* Info.plist */,
				C8C4D60B262887F800916883 /* RecipleaseP10.xcdatamodeld */,
				C8C4D66F2628935900916883 /* Assets.xcassets */,
			);
			path = RecipleaseP10;
			sourceTree = "<group>";
		};
		C8C4D61B262887F900916883 /* RecipleaseP10Tests */ = {
			isa = PBXGroup;
			children = (
				C8C4D61C262887F900916883 /* RecipleaseP10Tests.swift */,
				C8C4D61E262887F900916883 /* Info.plist */,
			);
			path = RecipleaseP10Tests;
			sourceTree = "<group>";
		};
		C8C4D626262887F900916883 /* RecipleaseP10UITests */ = {
			isa = PBXGroup;
			children = (
				C8C4D627262887F900916883 /* RecipleaseP10UITests.swift */,
				C8C4D629262887F900916883 /* Info.plist */,
			);
			path = RecipleaseP10UITests;
			sourceTree = "<group>";
		};
		C8C4D65826288BCA00916883 /* Supporting files */ = {
			isa = PBXGroup;
			children = (
				C8C4D602262887F800916883 /* AppDelegate.swift */,
				C8C4D604262887F800916883 /* SceneDelegate.swift */,
			);
			path = "Supporting files";
			sourceTree = "<group>";
		};
		C8C4D6632628908E00916883 /* Model */ = {
			isa = PBXGroup;
			children = (
			);
			path = Model;
			sourceTree = "<group>";
		};
		C8C4D6642628909700916883 /* View */ = {
			isa = PBXGroup;
			children = (
				C8C4D608262887F800916883 /* Main.storyboard */,
				C8C4D610262887F800916883 /* LaunchScreen.storyboard */,
			);
			path = View;
			sourceTree = "<group>";
		};
		C8C4D6652628909F00916883 /* Controller */ = {
			isa = PBXGroup;
			children = (
			);
			path = Controller;
			sourceTree = "<group>";
		};
/* End PBXGroup section */

/* Begin PBXNativeTarget section */
		C8C4D5FE262887F800916883 /* RecipleaseP10 */ = {
			isa = PBXNativeTarget;
			buildConfigurationList = C8C4D62C262887F900916883 /* Build configuration list for PBXNativeTarget "RecipleaseP10" */;
			buildPhases = (
				17E4DD0227C10CF28580BBA2 /* [CP] Check Pods Manifest.lock */,
				C8C4D5FB262887F800916883 /* Sources */,
				C8C4D5FC262887F800916883 /* Frameworks */,
				C8C4D5FD262887F800916883 /* Resources */,
				5BE81C11F57478BB9163545A /* [CP] Embed Pods Frameworks */,
			);
			buildRules = (
			);
			dependencies = (
			);
			name = RecipleaseP10;
			productName = RecipleaseP10;
			productReference = C8C4D5FF262887F800916883 /* RecipleaseP10.app */;
			productType = "com.apple.product-type.application";
		};
		C8C4D617262887F900916883 /* RecipleaseP10Tests */ = {
			isa = PBXNativeTarget;
			buildConfigurationList = C8C4D62F262887F900916883 /* Build configuration list for PBXNativeTarget "RecipleaseP10Tests" */;
			buildPhases = (
				E01F3B9B20C90662AA6552EB /* [CP] Check Pods Manifest.lock */,
				C8C4D614262887F900916883 /* Sources */,
				C8C4D615262887F900916883 /* Frameworks */,
				C8C4D616262887F900916883 /* Resources */,
			);
			buildRules = (
			);
			dependencies = (
				C8C4D61A262887F900916883 /* PBXTargetDependency */,
			);
			name = RecipleaseP10Tests;
			productName = RecipleaseP10Tests;
			productReference = C8C4D618262887F900916883 /* RecipleaseP10Tests.xctest */;
			productType = "com.apple.product-type.bundle.unit-test";
		};
		C8C4D622262887F900916883 /* RecipleaseP10UITests */ = {
			isa = PBXNativeTarget;
			buildConfigurationList = C8C4D632262887F900916883 /* Build configuration list for PBXNativeTarget "RecipleaseP10UITests" */;
			buildPhases = (
				669B9EAC0EDD9D9A7367D3E3 /* [CP] Check Pods Manifest.lock */,
				C8C4D61F262887F900916883 /* Sources */,
				C8C4D620262887F900916883 /* Frameworks */,
				C8C4D621262887F900916883 /* Resources */,
				75729FCB5C6DF8E4B48FD20A /* [CP] Embed Pods Frameworks */,
			);
			buildRules = (
			);
			dependencies = (
				C8C4D625262887F900916883 /* PBXTargetDependency */,
			);
			name = RecipleaseP10UITests;
			productName = RecipleaseP10UITests;
			productReference = C8C4D623262887F900916883 /* RecipleaseP10UITests.xctest */;
			productType = "com.apple.product-type.bundle.ui-testing";
		};
/* End PBXNativeTarget section */

/* Begin PBXProject section */
		C8C4D5F7262887F800916883 /* Project object */ = {
			isa = PBXProject;
			attributes = {
				LastSwiftUpdateCheck = 1240;
				LastUpgradeCheck = 1240;
				TargetAttributes = {
					C8C4D5FE262887F800916883 = {
						CreatedOnToolsVersion = 12.4;
					};
					C8C4D617262887F900916883 = {
						CreatedOnToolsVersion = 12.4;
						TestTargetID = C8C4D5FE262887F800916883;
					};
					C8C4D622262887F900916883 = {
						CreatedOnToolsVersion = 12.4;
						TestTargetID = C8C4D5FE262887F800916883;
					};
				};
			};
			buildConfigurationList = C8C4D5FA262887F800916883 /* Build configuration list for PBXProject "RecipleaseP10" */;
			compatibilityVersion = "Xcode 9.3";
			developmentRegion = en;
			hasScannedForEncodings = 0;
			knownRegions = (
				en,
				Base,
			);
			mainGroup = C8C4D5F6262887F800916883;
			productRefGroup = C8C4D600262887F800916883 /* Products */;
			projectDirPath = "";
			projectRoot = "";
			targets = (
				C8C4D5FE262887F800916883 /* RecipleaseP10 */,
				C8C4D617262887F900916883 /* RecipleaseP10Tests */,
				C8C4D622262887F900916883 /* RecipleaseP10UITests */,
			);
		};
/* End PBXProject section */

/* Begin PBXResourcesBuildPhase section */
		C8C4D5FD262887F800916883 /* Resources */ = {
			isa = PBXResourcesBuildPhase;
			buildActionMask = 2147483647;
			files = (
				C8C4D612262887F800916883 /* LaunchScreen.storyboard in Resources */,
				C8C4D6702628935900916883 /* Assets.xcassets in Resources */,
				C8C4D60A262887F800916883 /* Main.storyboard in Resources */,
			);
			runOnlyForDeploymentPostprocessing = 0;
		};
		C8C4D616262887F900916883 /* Resources */ = {
			isa = PBXResourcesBuildPhase;
			buildActionMask = 2147483647;
			files = (
			);
			runOnlyForDeploymentPostprocessing = 0;
		};
		C8C4D621262887F900916883 /* Resources */ = {
			isa = PBXResourcesBuildPhase;
			buildActionMask = 2147483647;
			files = (
			);
			runOnlyForDeploymentPostprocessing = 0;
		};
/* End PBXResourcesBuildPhase section */

/* Begin PBXShellScriptBuildPhase section */
		17E4DD0227C10CF28580BBA2 /* [CP] Check Pods Manifest.lock */ = {
			isa = PBXShellScriptBuildPhase;
			buildActionMask = 2147483647;
			files = (
			);
			inputFileListPaths = (
			);
			inputPaths = (
				"${PODS_PODFILE_DIR_PATH}/Podfile.lock",
				"${PODS_ROOT}/Manifest.lock",
			);
			name = "[CP] Check Pods Manifest.lock";
			outputFileListPaths = (
			);
			outputPaths = (
				"$(DERIVED_FILE_DIR)/Pods-RecipleaseP10-checkManifestLockResult.txt",
			);
			runOnlyForDeploymentPostprocessing = 0;
			shellPath = /bin/sh;
			shellScript = "diff \"${PODS_PODFILE_DIR_PATH}/Podfile.lock\" \"${PODS_ROOT}/Manifest.lock\" > /dev/null\nif [ $? != 0 ] ; then\n    # print error to STDERR\n    echo \"error: The sandbox is not in sync with the Podfile.lock. Run 'pod install' or update your CocoaPods installation.\" >&2\n    exit 1\nfi\n# This output is used by Xcode 'outputs' to avoid re-running this script phase.\necho \"SUCCESS\" > \"${SCRIPT_OUTPUT_FILE_0}\"\n";
			showEnvVarsInLog = 0;
		};
		5BE81C11F57478BB9163545A /* [CP] Embed Pods Frameworks */ = {
			isa = PBXShellScriptBuildPhase;
			buildActionMask = 2147483647;
			files = (
			);
			inputFileListPaths = (
				"${PODS_ROOT}/Target Support Files/Pods-RecipleaseP10/Pods-RecipleaseP10-frameworks-${CONFIGURATION}-input-files.xcfilelist",
			);
			name = "[CP] Embed Pods Frameworks";
			outputFileListPaths = (
				"${PODS_ROOT}/Target Support Files/Pods-RecipleaseP10/Pods-RecipleaseP10-frameworks-${CONFIGURATION}-output-files.xcfilelist",
			);
			runOnlyForDeploymentPostprocessing = 0;
			shellPath = /bin/sh;
			shellScript = "\"${PODS_ROOT}/Target Support Files/Pods-RecipleaseP10/Pods-RecipleaseP10-frameworks.sh\"\n";
			showEnvVarsInLog = 0;
		};
		669B9EAC0EDD9D9A7367D3E3 /* [CP] Check Pods Manifest.lock */ = {
			isa = PBXShellScriptBuildPhase;
			buildActionMask = 2147483647;
			files = (
			);
			inputFileListPaths = (
			);
			inputPaths = (
				"${PODS_PODFILE_DIR_PATH}/Podfile.lock",
				"${PODS_ROOT}/Manifest.lock",
			);
			name = "[CP] Check Pods Manifest.lock";
			outputFileListPaths = (
			);
			outputPaths = (
				"$(DERIVED_FILE_DIR)/Pods-RecipleaseP10-RecipleaseP10UITests-checkManifestLockResult.txt",
			);
			runOnlyForDeploymentPostprocessing = 0;
			shellPath = /bin/sh;
			shellScript = "diff \"${PODS_PODFILE_DIR_PATH}/Podfile.lock\" \"${PODS_ROOT}/Manifest.lock\" > /dev/null\nif [ $? != 0 ] ; then\n    # print error to STDERR\n    echo \"error: The sandbox is not in sync with the Podfile.lock. Run 'pod install' or update your CocoaPods installation.\" >&2\n    exit 1\nfi\n# This output is used by Xcode 'outputs' to avoid re-running this script phase.\necho \"SUCCESS\" > \"${SCRIPT_OUTPUT_FILE_0}\"\n";
			showEnvVarsInLog = 0;
		};
		75729FCB5C6DF8E4B48FD20A /* [CP] Embed Pods Frameworks */ = {
			isa = PBXShellScriptBuildPhase;
			buildActionMask = 2147483647;
			files = (
			);
			inputFileListPaths = (
				"${PODS_ROOT}/Target Support Files/Pods-RecipleaseP10-RecipleaseP10UITests/Pods-RecipleaseP10-RecipleaseP10UITests-frameworks-${CONFIGURATION}-input-files.xcfilelist",
			);
			name = "[CP] Embed Pods Frameworks";
			outputFileListPaths = (
				"${PODS_ROOT}/Target Support Files/Pods-RecipleaseP10-RecipleaseP10UITests/Pods-RecipleaseP10-RecipleaseP10UITests-frameworks-${CONFIGURATION}-output-files.xcfilelist",
			);
			runOnlyForDeploymentPostprocessing = 0;
			shellPath = /bin/sh;
			shellScript = "\"${PODS_ROOT}/Target Support Files/Pods-RecipleaseP10-RecipleaseP10UITests/Pods-RecipleaseP10-RecipleaseP10UITests-frameworks.sh\"\n";
			showEnvVarsInLog = 0;
		};
		E01F3B9B20C90662AA6552EB /* [CP] Check Pods Manifest.lock */ = {
			isa = PBXShellScriptBuildPhase;
			buildActionMask = 2147483647;
			files = (
			);
			inputFileListPaths = (
			);
			inputPaths = (
				"${PODS_PODFILE_DIR_PATH}/Podfile.lock",
				"${PODS_ROOT}/Manifest.lock",
			);
			name = "[CP] Check Pods Manifest.lock";
			outputFileListPaths = (
			);
			outputPaths = (
				"$(DERIVED_FILE_DIR)/Pods-RecipleaseP10Tests-checkManifestLockResult.txt",
			);
			runOnlyForDeploymentPostprocessing = 0;
			shellPath = /bin/sh;
			shellScript = "diff \"${PODS_PODFILE_DIR_PATH}/Podfile.lock\" \"${PODS_ROOT}/Manifest.lock\" > /dev/null\nif [ $? != 0 ] ; then\n    # print error to STDERR\n    echo \"error: The sandbox is not in sync with the Podfile.lock. Run 'pod install' or update your CocoaPods installation.\" >&2\n    exit 1\nfi\n# This output is used by Xcode 'outputs' to avoid re-running this script phase.\necho \"SUCCESS\" > \"${SCRIPT_OUTPUT_FILE_0}\"\n";
			showEnvVarsInLog = 0;
		};
/* End PBXShellScriptBuildPhase section */

/* Begin PBXSourcesBuildPhase section */
		C8C4D5FB262887F800916883 /* Sources */ = {
			isa = PBXSourcesBuildPhase;
			buildActionMask = 2147483647;
			files = (
				C8C4D60D262887F800916883 /* RecipleaseP10.xcdatamodeld in Sources */,
				C8C4D607262887F800916883 /* ViewController.swift in Sources */,
				C8C4D603262887F800916883 /* AppDelegate.swift in Sources */,
				C8C4D605262887F800916883 /* SceneDelegate.swift in Sources */,
			);
			runOnlyForDeploymentPostprocessing = 0;
		};
		C8C4D614262887F900916883 /* Sources */ = {
			isa = PBXSourcesBuildPhase;
			buildActionMask = 2147483647;
			files = (
				C8C4D61D262887F900916883 /* RecipleaseP10Tests.swift in Sources */,
			);
			runOnlyForDeploymentPostprocessing = 0;
		};
		C8C4D61F262887F900916883 /* Sources */ = {
			isa = PBXSourcesBuildPhase;
			buildActionMask = 2147483647;
			files = (
				C8C4D628262887F900916883 /* RecipleaseP10UITests.swift in Sources */,
			);
			runOnlyForDeploymentPostprocessing = 0;
		};
/* End PBXSourcesBuildPhase section */

/* Begin PBXTargetDependency section */
		C8C4D61A262887F900916883 /* PBXTargetDependency */ = {
			isa = PBXTargetDependency;
			target = C8C4D5FE262887F800916883 /* RecipleaseP10 */;
			targetProxy = C8C4D619262887F900916883 /* PBXContainerItemProxy */;
		};
		C8C4D625262887F900916883 /* PBXTargetDependency */ = {
			isa = PBXTargetDependency;
			target = C8C4D5FE262887F800916883 /* RecipleaseP10 */;
			targetProxy = C8C4D624262887F900916883 /* PBXContainerItemProxy */;
		};
/* End PBXTargetDependency section */

/* Begin PBXVariantGroup section */
		C8C4D608262887F800916883 /* Main.storyboard */ = {
			isa = PBXVariantGroup;
			children = (
				C8C4D609262887F800916883 /* Base */,
			);
			name = Main.storyboard;
			sourceTree = "<group>";
		};
		C8C4D610262887F800916883 /* LaunchScreen.storyboard */ = {
			isa = PBXVariantGroup;
			children = (
				C8C4D611262887F800916883 /* Base */,
			);
			name = LaunchScreen.storyboard;
			sourceTree = "<group>";
		};
/* End PBXVariantGroup section */

/* Begin XCBuildConfiguration section */
		C8C4D62A262887F900916883 /* Debug */ = {
			isa = XCBuildConfiguration;
			buildSettings = {
				ALWAYS_SEARCH_USER_PATHS = NO;
				CLANG_ANALYZER_NONNULL = YES;
				CLANG_ANALYZER_NUMBER_OBJECT_CONVERSION = YES_AGGRESSIVE;
				CLANG_CXX_LANGUAGE_STANDARD = "gnu++14";
				CLANG_CXX_LIBRARY = "libc++";
				CLANG_ENABLE_MODULES = YES;
				CLANG_ENABLE_OBJC_ARC = YES;
				CLANG_ENABLE_OBJC_WEAK = YES;
				CLANG_WARN_BLOCK_CAPTURE_AUTORELEASING = YES;
				CLANG_WARN_BOOL_CONVERSION = YES;
				CLANG_WARN_COMMA = YES;
				CLANG_WARN_CONSTANT_CONVERSION = YES;
				CLANG_WARN_DEPRECATED_OBJC_IMPLEMENTATIONS = YES;
				CLANG_WARN_DIRECT_OBJC_ISA_USAGE = YES_ERROR;
				CLANG_WARN_DOCUMENTATION_COMMENTS = YES;
				CLANG_WARN_EMPTY_BODY = YES;
				CLANG_WARN_ENUM_CONVERSION = YES;
				CLANG_WARN_INFINITE_RECURSION = YES;
				CLANG_WARN_INT_CONVERSION = YES;
				CLANG_WARN_NON_LITERAL_NULL_CONVERSION = YES;
				CLANG_WARN_OBJC_IMPLICIT_RETAIN_SELF = YES;
				CLANG_WARN_OBJC_LITERAL_CONVERSION = YES;
				CLANG_WARN_OBJC_ROOT_CLASS = YES_ERROR;
				CLANG_WARN_QUOTED_INCLUDE_IN_FRAMEWORK_HEADER = YES;
				CLANG_WARN_RANGE_LOOP_ANALYSIS = YES;
				CLANG_WARN_STRICT_PROTOTYPES = YES;
				CLANG_WARN_SUSPICIOUS_MOVE = YES;
				CLANG_WARN_UNGUARDED_AVAILABILITY = YES_AGGRESSIVE;
				CLANG_WARN_UNREACHABLE_CODE = YES;
				CLANG_WARN__DUPLICATE_METHOD_MATCH = YES;
				COPY_PHASE_STRIP = NO;
				DEBUG_INFORMATION_FORMAT = dwarf;
				ENABLE_STRICT_OBJC_MSGSEND = YES;
				ENABLE_TESTABILITY = YES;
				GCC_C_LANGUAGE_STANDARD = gnu11;
				GCC_DYNAMIC_NO_PIC = NO;
				GCC_NO_COMMON_BLOCKS = YES;
				GCC_OPTIMIZATION_LEVEL = 0;
				GCC_PREPROCESSOR_DEFINITIONS = (
					"DEBUG=1",
					"$(inherited)",
				);
				GCC_WARN_64_TO_32_BIT_CONVERSION = YES;
				GCC_WARN_ABOUT_RETURN_TYPE = YES_ERROR;
				GCC_WARN_UNDECLARED_SELECTOR = YES;
				GCC_WARN_UNINITIALIZED_AUTOS = YES_AGGRESSIVE;
				GCC_WARN_UNUSED_FUNCTION = YES;
				GCC_WARN_UNUSED_VARIABLE = YES;
				IPHONEOS_DEPLOYMENT_TARGET = 14.4;
				MTL_ENABLE_DEBUG_INFO = INCLUDE_SOURCE;
				MTL_FAST_MATH = YES;
				ONLY_ACTIVE_ARCH = YES;
				SDKROOT = iphoneos;
				SWIFT_ACTIVE_COMPILATION_CONDITIONS = DEBUG;
				SWIFT_OPTIMIZATION_LEVEL = "-Onone";
			};
			name = Debug;
		};
		C8C4D62B262887F900916883 /* Release */ = {
			isa = XCBuildConfiguration;
			buildSettings = {
				ALWAYS_SEARCH_USER_PATHS = NO;
				CLANG_ANALYZER_NONNULL = YES;
				CLANG_ANALYZER_NUMBER_OBJECT_CONVERSION = YES_AGGRESSIVE;
				CLANG_CXX_LANGUAGE_STANDARD = "gnu++14";
				CLANG_CXX_LIBRARY = "libc++";
				CLANG_ENABLE_MODULES = YES;
				CLANG_ENABLE_OBJC_ARC = YES;
				CLANG_ENABLE_OBJC_WEAK = YES;
				CLANG_WARN_BLOCK_CAPTURE_AUTORELEASING = YES;
				CLANG_WARN_BOOL_CONVERSION = YES;
				CLANG_WARN_COMMA = YES;
				CLANG_WARN_CONSTANT_CONVERSION = YES;
				CLANG_WARN_DEPRECATED_OBJC_IMPLEMENTATIONS = YES;
				CLANG_WARN_DIRECT_OBJC_ISA_USAGE = YES_ERROR;
				CLANG_WARN_DOCUMENTATION_COMMENTS = YES;
				CLANG_WARN_EMPTY_BODY = YES;
				CLANG_WARN_ENUM_CONVERSION = YES;
				CLANG_WARN_INFINITE_RECURSION = YES;
				CLANG_WARN_INT_CONVERSION = YES;
				CLANG_WARN_NON_LITERAL_NULL_CONVERSION = YES;
				CLANG_WARN_OBJC_IMPLICIT_RETAIN_SELF = YES;
				CLANG_WARN_OBJC_LITERAL_CONVERSION = YES;
				CLANG_WARN_OBJC_ROOT_CLASS = YES_ERROR;
				CLANG_WARN_QUOTED_INCLUDE_IN_FRAMEWORK_HEADER = YES;
				CLANG_WARN_RANGE_LOOP_ANALYSIS = YES;
				CLANG_WARN_STRICT_PROTOTYPES = YES;
				CLANG_WARN_SUSPICIOUS_MOVE = YES;
				CLANG_WARN_UNGUARDED_AVAILABILITY = YES_AGGRESSIVE;
				CLANG_WARN_UNREACHABLE_CODE = YES;
				CLANG_WARN__DUPLICATE_METHOD_MATCH = YES;
				COPY_PHASE_STRIP = NO;
				DEBUG_INFORMATION_FORMAT = "dwarf-with-dsym";
				ENABLE_NS_ASSERTIONS = NO;
				ENABLE_STRICT_OBJC_MSGSEND = YES;
				GCC_C_LANGUAGE_STANDARD = gnu11;
				GCC_NO_COMMON_BLOCKS = YES;
				GCC_WARN_64_TO_32_BIT_CONVERSION = YES;
				GCC_WARN_ABOUT_RETURN_TYPE = YES_ERROR;
				GCC_WARN_UNDECLARED_SELECTOR = YES;
				GCC_WARN_UNINITIALIZED_AUTOS = YES_AGGRESSIVE;
				GCC_WARN_UNUSED_FUNCTION = YES;
				GCC_WARN_UNUSED_VARIABLE = YES;
				IPHONEOS_DEPLOYMENT_TARGET = 14.4;
				MTL_ENABLE_DEBUG_INFO = NO;
				MTL_FAST_MATH = YES;
				SDKROOT = iphoneos;
				SWIFT_COMPILATION_MODE = wholemodule;
				SWIFT_OPTIMIZATION_LEVEL = "-O";
				VALIDATE_PRODUCT = YES;
			};
			name = Release;
		};
		C8C4D62D262887F900916883 /* Debug */ = {
			isa = XCBuildConfiguration;
			baseConfigurationReference = FFCDF88CF8DA40841C39C4B8 /* Pods-RecipleaseP10.debug.xcconfig */;
			buildSettings = {
				ASSETCATALOG_COMPILER_APPICON_NAME = AppIcon;
				ASSETCATALOG_COMPILER_GLOBAL_ACCENT_COLOR_NAME = AccentColor;
				CODE_SIGN_STYLE = Automatic;
				DEVELOPMENT_TEAM = NFS2C6G847;
				INFOPLIST_FILE = RecipleaseP10/Info.plist;
				IPHONEOS_DEPLOYMENT_TARGET = 13.0;
				LD_RUNPATH_SEARCH_PATHS = (
					"$(inherited)",
					"@executable_path/Frameworks",
				);
				PRODUCT_BUNDLE_IDENTIFIER = com.onizuka.RecipleaseP10;
				PRODUCT_NAME = "$(TARGET_NAME)";
				SWIFT_VERSION = 5.0;
				TARGETED_DEVICE_FAMILY = 1;
			};
			name = Debug;
		};
		C8C4D62E262887F900916883 /* Release */ = {
			isa = XCBuildConfiguration;
			baseConfigurationReference = 259203D3762B4A2EF46E81BE /* Pods-RecipleaseP10.release.xcconfig */;
			buildSettings = {
				ASSETCATALOG_COMPILER_APPICON_NAME = AppIcon;
				ASSETCATALOG_COMPILER_GLOBAL_ACCENT_COLOR_NAME = AccentColor;
				CODE_SIGN_STYLE = Automatic;
				DEVELOPMENT_TEAM = NFS2C6G847;
				INFOPLIST_FILE = RecipleaseP10/Info.plist;
				IPHONEOS_DEPLOYMENT_TARGET = 13.0;
				LD_RUNPATH_SEARCH_PATHS = (
					"$(inherited)",
					"@executable_path/Frameworks",
				);
				PRODUCT_BUNDLE_IDENTIFIER = com.onizuka.RecipleaseP10;
				PRODUCT_NAME = "$(TARGET_NAME)";
				SWIFT_VERSION = 5.0;
				TARGETED_DEVICE_FAMILY = 1;
			};
			name = Release;
		};
		C8C4D630262887F900916883 /* Debug */ = {
			isa = XCBuildConfiguration;
			baseConfigurationReference = 615E59419417ADCE672F8673 /* Pods-RecipleaseP10Tests.debug.xcconfig */;
			buildSettings = {
				ALWAYS_EMBED_SWIFT_STANDARD_LIBRARIES = YES;
				BUNDLE_LOADER = "$(TEST_HOST)";
				CODE_SIGN_STYLE = Automatic;
				DEVELOPMENT_TEAM = NFS2C6G847;
				INFOPLIST_FILE = RecipleaseP10Tests/Info.plist;
				IPHONEOS_DEPLOYMENT_TARGET = 14.4;
				LD_RUNPATH_SEARCH_PATHS = (
					"$(inherited)",
					"@executable_path/Frameworks",
					"@loader_path/Frameworks",
				);
				PRODUCT_BUNDLE_IDENTIFIER = com.onizuka.RecipleaseP10Tests;
				PRODUCT_NAME = "$(TARGET_NAME)";
				SWIFT_VERSION = 5.0;
				TARGETED_DEVICE_FAMILY = "1,2";
				TEST_HOST = "$(BUILT_PRODUCTS_DIR)/RecipleaseP10.app/RecipleaseP10";
			};
			name = Debug;
		};
		C8C4D631262887F900916883 /* Release */ = {
			isa = XCBuildConfiguration;
			baseConfigurationReference = 53ABA3D471C25D6FC546BD21 /* Pods-RecipleaseP10Tests.release.xcconfig */;
			buildSettings = {
				ALWAYS_EMBED_SWIFT_STANDARD_LIBRARIES = YES;
				BUNDLE_LOADER = "$(TEST_HOST)";
				CODE_SIGN_STYLE = Automatic;
				DEVELOPMENT_TEAM = NFS2C6G847;
				INFOPLIST_FILE = RecipleaseP10Tests/Info.plist;
				IPHONEOS_DEPLOYMENT_TARGET = 14.4;
				LD_RUNPATH_SEARCH_PATHS = (
					"$(inherited)",
					"@executable_path/Frameworks",
					"@loader_path/Frameworks",
				);
				PRODUCT_BUNDLE_IDENTIFIER = com.onizuka.RecipleaseP10Tests;
				PRODUCT_NAME = "$(TARGET_NAME)";
				SWIFT_VERSION = 5.0;
				TARGETED_DEVICE_FAMILY = "1,2";
				TEST_HOST = "$(BUILT_PRODUCTS_DIR)/RecipleaseP10.app/RecipleaseP10";
			};
			name = Release;
		};
		C8C4D633262887F900916883 /* Debug */ = {
			isa = XCBuildConfiguration;
			baseConfigurationReference = 4E819D41BC92D5F9DF9C37FC /* Pods-RecipleaseP10-RecipleaseP10UITests.debug.xcconfig */;
			buildSettings = {
				ALWAYS_EMBED_SWIFT_STANDARD_LIBRARIES = YES;
				CODE_SIGN_STYLE = Automatic;
				DEVELOPMENT_TEAM = NFS2C6G847;
				INFOPLIST_FILE = RecipleaseP10UITests/Info.plist;
				LD_RUNPATH_SEARCH_PATHS = (
					"$(inherited)",
					"@executable_path/Frameworks",
					"@loader_path/Frameworks",
				);
				PRODUCT_BUNDLE_IDENTIFIER = com.onizuka.RecipleaseP10UITests;
				PRODUCT_NAME = "$(TARGET_NAME)";
				SWIFT_VERSION = 5.0;
				TARGETED_DEVICE_FAMILY = "1,2";
				TEST_TARGET_NAME = RecipleaseP10;
			};
			name = Debug;
		};
		C8C4D634262887F900916883 /* Release */ = {
			isa = XCBuildConfiguration;
			baseConfigurationReference = 657C25733E22EC9BCE54FE05 /* Pods-RecipleaseP10-RecipleaseP10UITests.release.xcconfig */;
			buildSettings = {
				ALWAYS_EMBED_SWIFT_STANDARD_LIBRARIES = YES;
				CODE_SIGN_STYLE = Automatic;
				DEVELOPMENT_TEAM = NFS2C6G847;
				INFOPLIST_FILE = RecipleaseP10UITests/Info.plist;
				LD_RUNPATH_SEARCH_PATHS = (
					"$(inherited)",
					"@executable_path/Frameworks",
					"@loader_path/Frameworks",
				);
				PRODUCT_BUNDLE_IDENTIFIER = com.onizuka.RecipleaseP10UITests;
				PRODUCT_NAME = "$(TARGET_NAME)";
				SWIFT_VERSION = 5.0;
				TARGETED_DEVICE_FAMILY = "1,2";
				TEST_TARGET_NAME = RecipleaseP10;
			};
			name = Release;
		};
/* End XCBuildConfiguration section */

/* Begin XCConfigurationList section */
		C8C4D5FA262887F800916883 /* Build configuration list for PBXProject "RecipleaseP10" */ = {
			isa = XCConfigurationList;
			buildConfigurations = (
				C8C4D62A262887F900916883 /* Debug */,
				C8C4D62B262887F900916883 /* Release */,
			);
			defaultConfigurationIsVisible = 0;
			defaultConfigurationName = Release;
		};
		C8C4D62C262887F900916883 /* Build configuration list for PBXNativeTarget "RecipleaseP10" */ = {
			isa = XCConfigurationList;
			buildConfigurations = (
				C8C4D62D262887F900916883 /* Debug */,
				C8C4D62E262887F900916883 /* Release */,
			);
			defaultConfigurationIsVisible = 0;
			defaultConfigurationName = Release;
		};
		C8C4D62F262887F900916883 /* Build configuration list for PBXNativeTarget "RecipleaseP10Tests" */ = {
			isa = XCConfigurationList;
			buildConfigurations = (
				C8C4D630262887F900916883 /* Debug */,
				C8C4D631262887F900916883 /* Release */,
			);
			defaultConfigurationIsVisible = 0;
			defaultConfigurationName = Release;
		};
		C8C4D632262887F900916883 /* Build configuration list for PBXNativeTarget "RecipleaseP10UITests" */ = {
			isa = XCConfigurationList;
			buildConfigurations = (
				C8C4D633262887F900916883 /* Debug */,
				C8C4D634262887F900916883 /* Release */,
			);
			defaultConfigurationIsVisible = 0;
			defaultConfigurationName = Release;
		};
/* End XCConfigurationList section */

/* Begin XCVersionGroup section */
		C8C4D60B262887F800916883 /* RecipleaseP10.xcdatamodeld */ = {
			isa = XCVersionGroup;
			children = (
				C8C4D60C262887F800916883 /* RecipleaseP10.xcdatamodel */,
			);
			currentVersion = C8C4D60C262887F800916883 /* RecipleaseP10.xcdatamodel */;
			path = RecipleaseP10.xcdatamodeld;
			sourceTree = "<group>";
			versionGroupType = wrapper.xcdatamodel;
		};
/* End XCVersionGroup section */
	};
	rootObject = C8C4D5F7262887F800916883 /* Project object */;
}
